
Microsoft Visual Studio Solution File, Format Version 12.00
# Visual Studio 15
VisualStudioVersion = 15.0.28307.1169
MinimumVisualStudioVersion = 10.0.40219.1
Project("{FAE04EC0-301F-11D3-BF4B-00C04F79EFBC}") = "1_CapaPresentacionGM", "1_CapaPresentacionGM\1_CapaPresentacionGM.csproj", "{1614E8D1-9406-444C-8146-035CBE2F1E73}"
EndProject
Project("{FAE04EC0-301F-11D3-BF4B-00C04F79EFBC}") = "2_CapaServiciosGM", "2_CapaServiciosGM\2_CapaServiciosGM.csproj", "{C38C61A5-32E9-419C-85A8-A14EFB378972}"
EndProject
Project("{FAE04EC0-301F-11D3-BF4B-00C04F79EFBC}") = "3_CapaAccesoDatos", "3_CapaAccesoDatos\3_CapaAccesoDatos.csproj", "{F741D48D-BA30-4602-A2A1-C94EDBFB5151}"
EndProject
Global
	GlobalSection(SolutionConfigurationPlatforms) = preSolution
		Debug|Any CPU = Debug|Any CPU
		Release|Any CPU = Release|Any CPU
	EndGlobalSection
	GlobalSection(ProjectConfigurationPlatforms) = postSolution
		{1614E8D1-9406-444C-8146-035CBE2F1E73}.Debug|Any CPU.ActiveCfg = Debug|Any CPU
		{1614E8D1-9406-444C-8146-035CBE2F1E73}.Debug|Any CPU.Build.0 = Debug|Any CPU
		{1614E8D1-9406-444C-8146-035CBE2F1E73}.Release|Any CPU.ActiveCfg = Release|Any CPU
		{1614E8D1-9406-444C-8146-035CBE2F1E73}.Release|Any CPU.Build.0 = Release|Any CPU
		{C38C61A5-32E9-419C-85A8-A14EFB378972}.Debug|Any CPU.ActiveCfg = Debug|Any CPU
		{C38C61A5-32E9-419C-85A8-A14EFB378972}.Debug|Any CPU.Build.0 = Debug|Any CPU
		{C38C61A5-32E9-419C-85A8-A14EFB378972}.Release|Any CPU.ActiveCfg = Release|Any CPU
		{C38C61A5-32E9-419C-85A8-A14EFB378972}.Release|Any CPU.Build.0 = Release|Any CPU
		{F741D48D-BA30-4602-A2A1-C94EDBFB5151}.Debug|Any CPU.ActiveCfg = Debug|Any CPU
		{F741D48D-BA30-4602-A2A1-C94EDBFB5151}.Debug|Any CPU.Build.0 = Debug|Any CPU
		{F741D48D-BA30-4602-A2A1-C94EDBFB5151}.Release|Any CPU.ActiveCfg = Release|Any CPU
		{F741D48D-BA30-4602-A2A1-C94EDBFB5151}.Release|Any CPU.Build.0 = Release|Any CPU
	EndGlobalSection
	GlobalSection(SolutionProperties) = preSolution
		HideSolutionNode = FALSE
	EndGlobalSection
	GlobalSection(ExtensibilityGlobals) = postSolution
		SolutionGuid = {14D903EF-A01E-486A-81CA-A4107A99B33A}
	EndGlobalSection
EndGlobal
